{
    "_meta": {
        "hash": {
            "sha256": "1f3602c314bdb618aa68ec842b2c00ed96b69cbe155e32d52542f15da545836c"
        },
        "pipfile-spec": 6,
        "requires": {
            "python_version": "3.6"
        },
        "sources": [
            {
                "name": "pypi",
                "url": "https://pypi.org/simple",
                "verify_ssl": true
            }
        ]
    },
    "default": {
        "digi-xbee": {
            "hashes": [
                "sha256:5bef6b1888886e99d1ec02ba35e1db17eb5f6f5b008e08cc85571f94df104acf"
            ],
            "index": "pypi",
            "version": "==1.1.1.1"
        },
        "pyserial": {
            "hashes": [
                "sha256:6e2d401fdee0eab996cf734e67773a0143b932772ca8b42451440cfed942c627",
                "sha256:e0770fadba80c31013896c7e6ef703f72e7834965954a78e71a3049488d4d7d8"
            ],
            "index": "pypi",
            "version": "==3.4"
        }
    },
    "develop": {}
}
